// !$*UTF8*$!
{
	archiveVersion = 1;
	classes = {
	};
	objectVersion = 56;
	objects = {

/* Begin PBXBuildFile section */
		96053C192971D13E00EBE9FA /* GoogleService-Info.plist in Resources */ = {isa = PBXBuildFile; fileRef = 96053C182971D13E00EBE9FA /* GoogleService-Info.plist */; };
		96053C1C2971D24000EBE9FA /* FirebaseAuth in Frameworks */ = {isa = PBXBuildFile; productRef = 96053C1B2971D24000EBE9FA /* FirebaseAuth */; };
		96053C1E2971D24000EBE9FA /* FirebaseFirestore in Frameworks */ = {isa = PBXBuildFile; productRef = 96053C1D2971D24000EBE9FA /* FirebaseFirestore */; };
		9607869B2925E10B000AFB00 /* SteapView.swift in Sources */ = {isa = PBXBuildFile; fileRef = 9607869A2925E10B000AFB00 /* SteapView.swift */; };
		961E350429AFD10F00EECB90 /* ColorInforView.swift in Sources */ = {isa = PBXBuildFile; fileRef = 961E350329AFD10F00EECB90 /* ColorInforView.swift */; };
		96234CE0298C3B030096CAFF /* CalendarView.swift in Sources */ = {isa = PBXBuildFile; fileRef = 96234CDF298C3B030096CAFF /* CalendarView.swift */; };
		96234CEC298D85D40096CAFF /* CalendarHeaderView.swift in Sources */ = {isa = PBXBuildFile; fileRef = 96234CEB298D85D40096CAFF /* CalendarHeaderView.swift */; };
		963630942A042B3F00276F1F /* FirebaseFirestoreSwift in Frameworks */ = {isa = PBXBuildFile; productRef = 963630932A042B3F00276F1F /* FirebaseFirestoreSwift */; };
		964440E329E0816700FBC665 /* TitleRow.swift in Sources */ = {isa = PBXBuildFile; fileRef = 964440E229E0816700FBC665 /* TitleRow.swift */; };
		964440E529E0848F00FBC665 /* CommunicationView.swift in Sources */ = {isa = PBXBuildFile; fileRef = 964440E429E0848E00FBC665 /* CommunicationView.swift */; };
		964440E729E084FD00FBC665 /* Message.swift in Sources */ = {isa = PBXBuildFile; fileRef = 964440E629E084FD00FBC665 /* Message.swift */; };
		964440E929E0857100FBC665 /* MessageBubble.swift in Sources */ = {isa = PBXBuildFile; fileRef = 964440E829E0857100FBC665 /* MessageBubble.swift */; };
		964440EB29E08A3B00FBC665 /* Extensions.swift in Sources */ = {isa = PBXBuildFile; fileRef = 964440EA29E08A3A00FBC665 /* Extensions.swift */; };
		964440ED29E4627D00FBC665 /* MessageField.swift in Sources */ = {isa = PBXBuildFile; fileRef = 964440EC29E4627C00FBC665 /* MessageField.swift */; };
		96659DF72900F11D00582AE3 /* Action_AppApp.swift in Sources */ = {isa = PBXBuildFile; fileRef = 96659DF62900F11D00582AE3 /* Action_AppApp.swift */; };
		96659DF92900F11D00582AE3 /* ContentView.swift in Sources */ = {isa = PBXBuildFile; fileRef = 96659DF82900F11D00582AE3 /* ContentView.swift */; };
		96659DFB2900F12200582AE3 /* Assets.xcassets in Resources */ = {isa = PBXBuildFile; fileRef = 96659DFA2900F12200582AE3 /* Assets.xcassets */; };
		96659DFE2900F12200582AE3 /* Preview Assets.xcassets in Resources */ = {isa = PBXBuildFile; fileRef = 96659DFD2900F12200582AE3 /* Preview Assets.xcassets */; };
		96710CA729E8777C0031ADE5 /* MainMessagesViewModel.swift in Sources */ = {isa = PBXBuildFile; fileRef = 96710CA629E8777C0031ADE5 /* MainMessagesViewModel.swift */; };
		96710CA929E879900031ADE5 /* FirebaseManager.swift in Sources */ = {isa = PBXBuildFile; fileRef = 96710CA829E879900031ADE5 /* FirebaseManager.swift */; };
		96710CAB29E9BC2A0031ADE5 /* FirebaseStorage in Frameworks */ = {isa = PBXBuildFile; productRef = 96710CAA29E9BC2A0031ADE5 /* FirebaseStorage */; };
		9672A49729B64E09007D1515 /* FirebaseDatabase in Frameworks */ = {isa = PBXBuildFile; productRef = 9672A49629B64E09007D1515 /* FirebaseDatabase */; };
		9672A49929B64E09007D1515 /* FirebaseDatabaseSwift in Frameworks */ = {isa = PBXBuildFile; productRef = 9672A49829B64E09007D1515 /* FirebaseDatabaseSwift */; };
		968A3A25299D4CF900E25B83 /* AddEventView.swift in Sources */ = {isa = PBXBuildFile; fileRef = 968A3A24299D4CF900E25B83 /* AddEventView.swift */; };
		9691190B29385DE90017DA3C /* UserInfo.swift in Sources */ = {isa = PBXBuildFile; fileRef = 9691190A29385DE90017DA3C /* UserInfo.swift */; };
		9691190D29385EDE0017DA3C /* UserView.swift in Sources */ = {isa = PBXBuildFile; fileRef = 9691190C29385EDE0017DA3C /* UserView.swift */; };
		969EC5FF29EF85970002D2E7 /* CreateNewMessageView.swift in Sources */ = {isa = PBXBuildFile; fileRef = 969EC5FE29EF85970002D2E7 /* CreateNewMessageView.swift */; };
		969EC60329F1B3470002D2E7 /* ChatLogView.swift in Sources */ = {isa = PBXBuildFile; fileRef = 969EC60229F1B3470002D2E7 /* ChatLogView.swift */; };
		96A675E92982FD0F0079527A /* CurrentUser.swift in Sources */ = {isa = PBXBuildFile; fileRef = 96A675E82982FD0F0079527A /* CurrentUser.swift */; };
		96BD162C29E7138300C8DBB1 /* MainMessagesView.swift in Sources */ = {isa = PBXBuildFile; fileRef = 96BD162B29E7138300C8DBB1 /* MainMessagesView.swift */; };
		96DA467C299FF776007E5352 /* CustomDatePickerView.swift in Sources */ = {isa = PBXBuildFile; fileRef = 96DA467B299FF776007E5352 /* CustomDatePickerView.swift */; };
		96DA4680299FFBDF007E5352 /* DateValue.swift in Sources */ = {isa = PBXBuildFile; fileRef = 96DA467F299FFBDF007E5352 /* DateValue.swift */; };
		96DA468429A008ED007E5352 /* Event.swift in Sources */ = {isa = PBXBuildFile; fileRef = 96DA468329A008ED007E5352 /* Event.swift */; };
		96EE9FDE296C77C900E74115 /* MainView.swift in Sources */ = {isa = PBXBuildFile; fileRef = 96EE9FDD296C77C900E74115 /* MainView.swift */; };
/* End PBXBuildFile section */

/* Begin PBXFileReference section */
		96053C182971D13E00EBE9FA /* GoogleService-Info.plist */ = {isa = PBXFileReference; fileEncoding = 4; lastKnownFileType = text.plist.xml; path = "GoogleService-Info.plist"; sourceTree = "<group>"; };
		9607869A2925E10B000AFB00 /* SteapView.swift */ = {isa = PBXFileReference; lastKnownFileType = sourcecode.swift; path = SteapView.swift; sourceTree = "<group>"; };
		961E350329AFD10F00EECB90 /* ColorInforView.swift */ = {isa = PBXFileReference; lastKnownFileType = sourcecode.swift; path = ColorInforView.swift; sourceTree = "<group>"; };
		96234CDF298C3B030096CAFF /* CalendarView.swift */ = {isa = PBXFileReference; lastKnownFileType = sourcecode.swift; path = CalendarView.swift; sourceTree = "<group>"; };
		96234CEB298D85D40096CAFF /* CalendarHeaderView.swift */ = {isa = PBXFileReference; lastKnownFileType = sourcecode.swift; path = CalendarHeaderView.swift; sourceTree = "<group>"; };
		964440E229E0816700FBC665 /* TitleRow.swift */ = {isa = PBXFileReference; lastKnownFileType = sourcecode.swift; path = TitleRow.swift; sourceTree = "<group>"; };
		964440E429E0848E00FBC665 /* CommunicationView.swift */ = {isa = PBXFileReference; lastKnownFileType = sourcecode.swift; path = CommunicationView.swift; sourceTree = "<group>"; };
		964440E629E084FD00FBC665 /* Message.swift */ = {isa = PBXFileReference; lastKnownFileType = sourcecode.swift; path = Message.swift; sourceTree = "<group>"; };
		964440E829E0857100FBC665 /* MessageBubble.swift */ = {isa = PBXFileReference; lastKnownFileType = sourcecode.swift; path = MessageBubble.swift; sourceTree = "<group>"; };
		964440EA29E08A3A00FBC665 /* Extensions.swift */ = {isa = PBXFileReference; lastKnownFileType = sourcecode.swift; path = Extensions.swift; sourceTree = "<group>"; };
		964440EC29E4627C00FBC665 /* MessageField.swift */ = {isa = PBXFileReference; lastKnownFileType = sourcecode.swift; path = MessageField.swift; sourceTree = "<group>"; };
		96659DF32900F11D00582AE3 /* Action-App.app */ = {isa = PBXFileReference; explicitFileType = wrapper.application; includeInIndex = 0; path = "Action-App.app"; sourceTree = BUILT_PRODUCTS_DIR; };
		96659DF62900F11D00582AE3 /* Action_AppApp.swift */ = {isa = PBXFileReference; lastKnownFileType = sourcecode.swift; path = Action_AppApp.swift; sourceTree = "<group>"; };
		96659DF82900F11D00582AE3 /* ContentView.swift */ = {isa = PBXFileReference; lastKnownFileType = sourcecode.swift; path = ContentView.swift; sourceTree = "<group>"; };
		96659DFA2900F12200582AE3 /* Assets.xcassets */ = {isa = PBXFileReference; lastKnownFileType = folder.assetcatalog; path = Assets.xcassets; sourceTree = "<group>"; };
		96659DFD2900F12200582AE3 /* Preview Assets.xcassets */ = {isa = PBXFileReference; lastKnownFileType = folder.assetcatalog; path = "Preview Assets.xcassets"; sourceTree = "<group>"; };
		96710CA629E8777C0031ADE5 /* MainMessagesViewModel.swift */ = {isa = PBXFileReference; lastKnownFileType = sourcecode.swift; path = MainMessagesViewModel.swift; sourceTree = "<group>"; };
		96710CA829E879900031ADE5 /* FirebaseManager.swift */ = {isa = PBXFileReference; lastKnownFileType = sourcecode.swift; path = FirebaseManager.swift; sourceTree = "<group>"; };
		968A3A24299D4CF900E25B83 /* AddEventView.swift */ = {isa = PBXFileReference; lastKnownFileType = sourcecode.swift; path = AddEventView.swift; sourceTree = "<group>"; };
		9691190A29385DE90017DA3C /* UserInfo.swift */ = {isa = PBXFileReference; lastKnownFileType = sourcecode.swift; path = UserInfo.swift; sourceTree = "<group>"; };
		9691190C29385EDE0017DA3C /* UserView.swift */ = {isa = PBXFileReference; lastKnownFileType = sourcecode.swift; path = UserView.swift; sourceTree = "<group>"; };
		969EC5FE29EF85970002D2E7 /* CreateNewMessageView.swift */ = {isa = PBXFileReference; lastKnownFileType = sourcecode.swift; path = CreateNewMessageView.swift; sourceTree = "<group>"; };
		969EC60229F1B3470002D2E7 /* ChatLogView.swift */ = {isa = PBXFileReference; lastKnownFileType = sourcecode.swift; path = ChatLogView.swift; sourceTree = "<group>"; };
		96A675E82982FD0F0079527A /* CurrentUser.swift */ = {isa = PBXFileReference; lastKnownFileType = sourcecode.swift; path = CurrentUser.swift; sourceTree = "<group>"; };
		96BD162B29E7138300C8DBB1 /* MainMessagesView.swift */ = {isa = PBXFileReference; lastKnownFileType = sourcecode.swift; path = MainMessagesView.swift; sourceTree = "<group>"; };
		96DA467B299FF776007E5352 /* CustomDatePickerView.swift */ = {isa = PBXFileReference; lastKnownFileType = sourcecode.swift; path = CustomDatePickerView.swift; sourceTree = "<group>"; };
		96DA467F299FFBDF007E5352 /* DateValue.swift */ = {isa = PBXFileReference; lastKnownFileType = sourcecode.swift; path = DateValue.swift; sourceTree = "<group>"; };
		96DA468329A008ED007E5352 /* Event.swift */ = {isa = PBXFileReference; lastKnownFileType = sourcecode.swift; path = Event.swift; sourceTree = "<group>"; };
		96EE9FDD296C77C900E74115 /* MainView.swift */ = {isa = PBXFileReference; lastKnownFileType = sourcecode.swift; path = MainView.swift; sourceTree = "<group>"; };
/* End PBXFileReference section */

/* Begin PBXFrameworksBuildPhase section */
		96659DF02900F11D00582AE3 /* Frameworks */ = {
			isa = PBXFrameworksBuildPhase;
			buildActionMask = 2147483647;
			files = (
				9672A49929B64E09007D1515 /* FirebaseDatabaseSwift in Frameworks */,
				9672A49729B64E09007D1515 /* FirebaseDatabase in Frameworks */,
				96053C1C2971D24000EBE9FA /* FirebaseAuth in Frameworks */,
				96710CAB29E9BC2A0031ADE5 /* FirebaseStorage in Frameworks */,
				96053C1E2971D24000EBE9FA /* FirebaseFirestore in Frameworks */,
				963630942A042B3F00276F1F /* FirebaseFirestoreSwift in Frameworks */,
			);
			runOnlyForDeploymentPostprocessing = 0;
		};
/* End PBXFrameworksBuildPhase section */

/* Begin PBXGroup section */
		96659DEA2900F11D00582AE3 = {
			isa = PBXGroup;
			children = (
				969EC60229F1B3470002D2E7 /* ChatLogView.swift */,
				969EC5FE29EF85970002D2E7 /* CreateNewMessageView.swift */,
				96710CA829E879900031ADE5 /* FirebaseManager.swift */,
				96710CA629E8777C0031ADE5 /* MainMessagesViewModel.swift */,
				96BD162B29E7138300C8DBB1 /* MainMessagesView.swift */,
				964440EC29E4627C00FBC665 /* MessageField.swift */,
				968A3A24299D4CF900E25B83 /* AddEventView.swift */,
				96234CDF298C3B030096CAFF /* CalendarView.swift */,
				96DA467B299FF776007E5352 /* CustomDatePickerView.swift */,
				961E350329AFD10F00EECB90 /* ColorInforView.swift */,
				96DA468329A008ED007E5352 /* Event.swift */,
				96DA467F299FFBDF007E5352 /* DateValue.swift */,
				96234CEB298D85D40096CAFF /* CalendarHeaderView.swift */,
				96A675E82982FD0F0079527A /* CurrentUser.swift */,
				96053C182971D13E00EBE9FA /* GoogleService-Info.plist */,
				96EE9FDD296C77C900E74115 /* MainView.swift */,
				964440E229E0816700FBC665 /* TitleRow.swift */,
				964440E429E0848E00FBC665 /* CommunicationView.swift */,
				964440EA29E08A3A00FBC665 /* Extensions.swift */,
				964440E629E084FD00FBC665 /* Message.swift */,
				964440E829E0857100FBC665 /* MessageBubble.swift */,
				9691190C29385EDE0017DA3C /* UserView.swift */,
				9691190A29385DE90017DA3C /* UserInfo.swift */,
				9607869A2925E10B000AFB00 /* SteapView.swift */,
				96659DF52900F11D00582AE3 /* Action-App */,
				96659DF42900F11D00582AE3 /* Products */,
				9672A49529B64E09007D1515 /* Frameworks */,
			);
			sourceTree = "<group>";
		};
		96659DF42900F11D00582AE3 /* Products */ = {
			isa = PBXGroup;
			children = (
				96659DF32900F11D00582AE3 /* Action-App.app */,
			);
			name = Products;
			sourceTree = "<group>";
		};
		96659DF52900F11D00582AE3 /* Action-App */ = {
			isa = PBXGroup;
			children = (
				96659DF62900F11D00582AE3 /* Action_AppApp.swift */,
				96659DF82900F11D00582AE3 /* ContentView.swift */,
				96659DFA2900F12200582AE3 /* Assets.xcassets */,
				96659DFC2900F12200582AE3 /* Preview Content */,
			);
			path = "Action-App";
			sourceTree = "<group>";
		};
		96659DFC2900F12200582AE3 /* Preview Content */ = {
			isa = PBXGroup;
			children = (
				96659DFD2900F12200582AE3 /* Preview Assets.xcassets */,
			);
			path = "Preview Content";
			sourceTree = "<group>";
		};
		9672A49529B64E09007D1515 /* Frameworks */ = {
			isa = PBXGroup;
			children = (
			);
			name = Frameworks;
			sourceTree = "<group>";
		};
/* End PBXGroup section */

/* Begin PBXNativeTarget section */
		96659DF22900F11D00582AE3 /* Action-App */ = {
			isa = PBXNativeTarget;
			buildConfigurationList = 96659E012900F12200582AE3 /* Build configuration list for PBXNativeTarget "Action-App" */;
			buildPhases = (
				96659DEF2900F11D00582AE3 /* Sources */,
				96659DF02900F11D00582AE3 /* Frameworks */,
				96659DF12900F11D00582AE3 /* Resources */,
			);
			buildRules = (
			);
			dependencies = (
			);
			name = "Action-App";
			packageProductDependencies = (
				96053C1B2971D24000EBE9FA /* FirebaseAuth */,
				96053C1D2971D24000EBE9FA /* FirebaseFirestore */,
				9672A49629B64E09007D1515 /* FirebaseDatabase */,
				9672A49829B64E09007D1515 /* FirebaseDatabaseSwift */,
				96710CAA29E9BC2A0031ADE5 /* FirebaseStorage */,
				963630932A042B3F00276F1F /* FirebaseFirestoreSwift */,
			);
			productName = "Action-App";
			productReference = 96659DF32900F11D00582AE3 /* Action-App.app */;
			productType = "com.apple.product-type.application";
		};
/* End PBXNativeTarget section */

/* Begin PBXProject section */
		96659DEB2900F11D00582AE3 /* Project object */ = {
			isa = PBXProject;
			attributes = {
				BuildIndependentTargetsInParallel = 1;
				LastSwiftUpdateCheck = 1400;
				LastUpgradeCheck = 1400;
				TargetAttributes = {
					96659DF22900F11D00582AE3 = {
						CreatedOnToolsVersion = 14.0;
					};
				};
			};
			buildConfigurationList = 96659DEE2900F11D00582AE3 /* Build configuration list for PBXProject "Action-App" */;
			compatibilityVersion = "Xcode 14.0";
			developmentRegion = en;
			hasScannedForEncodings = 0;
			knownRegions = (
				en,
				Base,
			);
			mainGroup = 96659DEA2900F11D00582AE3;
			packageReferences = (
				96053C1A2971D24000EBE9FA /* XCRemoteSwiftPackageReference "firebase-ios-sdk" */,
			);
			productRefGroup = 96659DF42900F11D00582AE3 /* Products */;
			projectDirPath = "";
			projectRoot = "";
			targets = (
				96659DF22900F11D00582AE3 /* Action-App */,
			);
		};
/* End PBXProject section */

/* Begin PBXResourcesBuildPhase section */
		96659DF12900F11D00582AE3 /* Resources */ = {
			isa = PBXResourcesBuildPhase;
			buildActionMask = 2147483647;
			files = (
				96659DFE2900F12200582AE3 /* Preview Assets.xcassets in Resources */,
				96659DFB2900F12200582AE3 /* Assets.xcassets in Resources */,
				96053C192971D13E00EBE9FA /* GoogleService-Info.plist in Resources */,
			);
			runOnlyForDeploymentPostprocessing = 0;
		};
/* End PBXResourcesBuildPhase section */

/* Begin PBXSourcesBuildPhase section */
		96659DEF2900F11D00582AE3 /* Sources */ = {
			isa = PBXSourcesBuildPhase;
			buildActionMask = 2147483647;
			files = (
				961E350429AFD10F00EECB90 /* ColorInforView.swift in Sources */,
				9691190B29385DE90017DA3C /* UserInfo.swift in Sources */,
				964440ED29E4627D00FBC665 /* MessageField.swift in Sources */,
				969EC5FF29EF85970002D2E7 /* CreateNewMessageView.swift in Sources */,
				96EE9FDE296C77C900E74115 /* MainView.swift in Sources */,
				964440E729E084FD00FBC665 /* Message.swift in Sources */,
				964440E529E0848F00FBC665 /* CommunicationView.swift in Sources */,
				96234CE0298C3B030096CAFF /* CalendarView.swift in Sources */,
				96DA467C299FF776007E5352 /* CustomDatePickerView.swift in Sources */,
				964440EB29E08A3B00FBC665 /* Extensions.swift in Sources */,
				968A3A25299D4CF900E25B83 /* AddEventView.swift in Sources */,
				96659DF92900F11D00582AE3 /* ContentView.swift in Sources */,
				96DA468429A008ED007E5352 /* Event.swift in Sources */,
				964440E329E0816700FBC665 /* TitleRow.swift in Sources */,
				96710CA729E8777C0031ADE5 /* MainMessagesViewModel.swift in Sources */,
				96BD162C29E7138300C8DBB1 /* MainMessagesView.swift in Sources */,
				969EC60329F1B3470002D2E7 /* ChatLogView.swift in Sources */,
				9691190D29385EDE0017DA3C /* UserView.swift in Sources */,
				96DA4680299FFBDF007E5352 /* DateValue.swift in Sources */,
				964440E929E0857100FBC665 /* MessageBubble.swift in Sources */,
				96659DF72900F11D00582AE3 /* Action_AppApp.swift in Sources */,
				96A675E92982FD0F0079527A /* CurrentUser.swift in Sources */,
				96710CA929E879900031ADE5 /* FirebaseManager.swift in Sources */,
				96234CEC298D85D40096CAFF /* CalendarHeaderView.swift in Sources */,
				9607869B2925E10B000AFB00 /* SteapView.swift in Sources */,
			);
			runOnlyForDeploymentPostprocessing = 0;
		};
/* End PBXSourcesBuildPhase section */

/* Begin XCBuildConfiguration section */
		96659DFF2900F12200582AE3 /* Debug */ = {
			isa = XCBuildConfiguration;
			buildSettings = {
				ALWAYS_SEARCH_USER_PATHS = NO;
				CLANG_ANALYZER_NONNULL = YES;
				CLANG_ANALYZER_NUMBER_OBJECT_CONVERSION = YES_AGGRESSIVE;
				CLANG_CXX_LANGUAGE_STANDARD = "gnu++20";
				CLANG_ENABLE_MODULES = YES;
				CLANG_ENABLE_OBJC_ARC = YES;
				CLANG_ENABLE_OBJC_WEAK = YES;
				CLANG_WARN_BLOCK_CAPTURE_AUTORELEASING = YES;
				CLANG_WARN_BOOL_CONVERSION = YES;
				CLANG_WARN_COMMA = YES;
				CLANG_WARN_CONSTANT_CONVERSION = YES;
				CLANG_WARN_DEPRECATED_OBJC_IMPLEMENTATIONS = YES;
				CLANG_WARN_DIRECT_OBJC_ISA_USAGE = YES_ERROR;
				CLANG_WARN_DOCUMENTATION_COMMENTS = YES;
				CLANG_WARN_EMPTY_BODY = YES;
				CLANG_WARN_ENUM_CONVERSION = YES;
				CLANG_WARN_INFINITE_RECURSION = YES;
				CLANG_WARN_INT_CONVERSION = YES;
				CLANG_WARN_NON_LITERAL_NULL_CONVERSION = YES;
				CLANG_WARN_OBJC_IMPLICIT_RETAIN_SELF = YES;
				CLANG_WARN_OBJC_LITERAL_CONVERSION = YES;
				CLANG_WARN_OBJC_ROOT_CLASS = YES_ERROR;
				CLANG_WARN_QUOTED_INCLUDE_IN_FRAMEWORK_HEADER = YES;
				CLANG_WARN_RANGE_LOOP_ANALYSIS = YES;
				CLANG_WARN_STRICT_PROTOTYPES = YES;
				CLANG_WARN_SUSPICIOUS_MOVE = YES;
				CLANG_WARN_UNGUARDED_AVAILABILITY = YES_AGGRESSIVE;
				CLANG_WARN_UNREACHABLE_CODE = YES;
				CLANG_WARN__DUPLICATE_METHOD_MATCH = YES;
				COPY_PHASE_STRIP = NO;
				DEBUG_INFORMATION_FORMAT = dwarf;
				ENABLE_STRICT_OBJC_MSGSEND = YES;
				ENABLE_TESTABILITY = YES;
				GCC_C_LANGUAGE_STANDARD = gnu11;
				GCC_DYNAMIC_NO_PIC = NO;
				GCC_NO_COMMON_BLOCKS = YES;
				GCC_OPTIMIZATION_LEVEL = 0;
				GCC_PREPROCESSOR_DEFINITIONS = (
					"DEBUG=1",
					"$(inherited)",
				);
				GCC_WARN_64_TO_32_BIT_CONVERSION = YES;
				GCC_WARN_ABOUT_RETURN_TYPE = YES_ERROR;
				GCC_WARN_UNDECLARED_SELECTOR = YES;
				GCC_WARN_UNINITIALIZED_AUTOS = YES_AGGRESSIVE;
				GCC_WARN_UNUSED_FUNCTION = YES;
				GCC_WARN_UNUSED_VARIABLE = YES;
				IPHONEOS_DEPLOYMENT_TARGET = 16.0;
				MTL_ENABLE_DEBUG_INFO = INCLUDE_SOURCE;
				MTL_FAST_MATH = YES;
				ONLY_ACTIVE_ARCH = YES;
				SDKROOT = iphoneos;
				SWIFT_ACTIVE_COMPILATION_CONDITIONS = DEBUG;
				SWIFT_OPTIMIZATION_LEVEL = "-Onone";
			};
			name = Debug;
		};
		96659E002900F12200582AE3 /* Release */ = {
			isa = XCBuildConfiguration;
			buildSettings = {
				ALWAYS_SEARCH_USER_PATHS = NO;
				CLANG_ANALYZER_NONNULL = YES;
				CLANG_ANALYZER_NUMBER_OBJECT_CONVERSION = YES_AGGRESSIVE;
				CLANG_CXX_LANGUAGE_STANDARD = "gnu++20";
				CLANG_ENABLE_MODULES = YES;
				CLANG_ENABLE_OBJC_ARC = YES;
				CLANG_ENABLE_OBJC_WEAK = YES;
				CLANG_WARN_BLOCK_CAPTURE_AUTORELEASING = YES;
				CLANG_WARN_BOOL_CONVERSION = YES;
				CLANG_WARN_COMMA = YES;
				CLANG_WARN_CONSTANT_CONVERSION = YES;
				CLANG_WARN_DEPRECATED_OBJC_IMPLEMENTATIONS = YES;
				CLANG_WARN_DIRECT_OBJC_ISA_USAGE = YES_ERROR;
				CLANG_WARN_DOCUMENTATION_COMMENTS = YES;
				CLANG_WARN_EMPTY_BODY = YES;
				CLANG_WARN_ENUM_CONVERSION = YES;
				CLANG_WARN_INFINITE_RECURSION = YES;
				CLANG_WARN_INT_CONVERSION = YES;
				CLANG_WARN_NON_LITERAL_NULL_CONVERSION = YES;
				CLANG_WARN_OBJC_IMPLICIT_RETAIN_SELF = YES;
				CLANG_WARN_OBJC_LITERAL_CONVERSION = YES;
				CLANG_WARN_OBJC_ROOT_CLASS = YES_ERROR;
				CLANG_WARN_QUOTED_INCLUDE_IN_FRAMEWORK_HEADER = YES;
				CLANG_WARN_RANGE_LOOP_ANALYSIS = YES;
				CLANG_WARN_STRICT_PROTOTYPES = YES;
				CLANG_WARN_SUSPICIOUS_MOVE = YES;
				CLANG_WARN_UNGUARDED_AVAILABILITY = YES_AGGRESSIVE;
				CLANG_WARN_UNREACHABLE_CODE = YES;
				CLANG_WARN__DUPLICATE_METHOD_MATCH = YES;
				COPY_PHASE_STRIP = NO;
				DEBUG_INFORMATION_FORMAT = "dwarf-with-dsym";
				ENABLE_NS_ASSERTIONS = NO;
				ENABLE_STRICT_OBJC_MSGSEND = YES;
				GCC_C_LANGUAGE_STANDARD = gnu11;
				GCC_NO_COMMON_BLOCKS = YES;
				GCC_WARN_64_TO_32_BIT_CONVERSION = YES;
				GCC_WARN_ABOUT_RETURN_TYPE = YES_ERROR;
				GCC_WARN_UNDECLARED_SELECTOR = YES;
				GCC_WARN_UNINITIALIZED_AUTOS = YES_AGGRESSIVE;
				GCC_WARN_UNUSED_FUNCTION = YES;
				GCC_WARN_UNUSED_VARIABLE = YES;
				IPHONEOS_DEPLOYMENT_TARGET = 16.0;
				MTL_ENABLE_DEBUG_INFO = NO;
				MTL_FAST_MATH = YES;
				SDKROOT = iphoneos;
				SWIFT_COMPILATION_MODE = wholemodule;
				SWIFT_OPTIMIZATION_LEVEL = "-O";
				VALIDATE_PRODUCT = YES;
			};
			name = Release;
		};
		96659E022900F12200582AE3 /* Debug */ = {
			isa = XCBuildConfiguration;
			buildSettings = {
				ASSETCATALOG_COMPILER_APPICON_NAME = AppIcon;
				ASSETCATALOG_COMPILER_GLOBAL_ACCENT_COLOR_NAME = AccentColor;
				CODE_SIGN_IDENTITY = "Apple Development";
				CODE_SIGN_STYLE = Automatic;
				CURRENT_PROJECT_VERSION = 1;
				DEVELOPMENT_ASSET_PATHS = "\"Action-App/Preview Content\"";
				DEVELOPMENT_TEAM = NPX3DR59T9;
				ENABLE_PREVIEWS = YES;
				GENERATE_INFOPLIST_FILE = YES;
				INFOPLIST_KEY_UIApplicationSceneManifest_Generation = YES;
				INFOPLIST_KEY_UIApplicationSupportsIndirectInputEvents = YES;
				INFOPLIST_KEY_UILaunchScreen_Generation = YES;
				INFOPLIST_KEY_UISupportedInterfaceOrientations_iPad = "UIInterfaceOrientationPortrait UIInterfaceOrientationPortraitUpsideDown UIInterfaceOrientationLandscapeLeft UIInterfaceOrientationLandscapeRight";
				INFOPLIST_KEY_UISupportedInterfaceOrientations_iPhone = "UIInterfaceOrientationPortrait UIInterfaceOrientationLandscapeLeft UIInterfaceOrientationLandscapeRight";
				LD_RUNPATH_SEARCH_PATHS = (
					"$(inherited)",
					"@executable_path/Frameworks",
				);
				MARKETING_VERSION = 1.0;
				PRODUCT_BUNDLE_IDENTIFIER = com.DannyGallagher.ActionApp;
				PRODUCT_NAME = "$(TARGET_NAME)";
				PROVISIONING_PROFILE_SPECIFIER = "";
				SWIFT_EMIT_LOC_STRINGS = YES;
				SWIFT_VERSION = 5.0;
				TARGETED_DEVICE_FAMILY = "1,2";
			};
			name = Debug;
		};
		96659E032900F12200582AE3 /* Release */ = {
			isa = XCBuildConfiguration;
			buildSettings = {
				ASSETCATALOG_COMPILER_APPICON_NAME = AppIcon;
				ASSETCATALOG_COMPILER_GLOBAL_ACCENT_COLOR_NAME = AccentColor;
				CODE_SIGN_IDENTITY = "Apple Development";
				CODE_SIGN_STYLE = Automatic;
				CURRENT_PROJECT_VERSION = 1;
				DEVELOPMENT_ASSET_PATHS = "\"Action-App/Preview Content\"";
				DEVELOPMENT_TEAM = NPX3DR59T9;
				ENABLE_PREVIEWS = YES;
				GENERATE_INFOPLIST_FILE = YES;
				INFOPLIST_KEY_UIApplicationSceneManifest_Generation = YES;
				INFOPLIST_KEY_UIApplicationSupportsIndirectInputEvents = YES;
				INFOPLIST_KEY_UILaunchScreen_Generation = YES;
				INFOPLIST_KEY_UISupportedInterfaceOrientations_iPad = "UIInterfaceOrientationPortrait UIInterfaceOrientationPortraitUpsideDown UIInterfaceOrientationLandscapeLeft UIInterfaceOrientationLandscapeRight";
				INFOPLIST_KEY_UISupportedInterfaceOrientations_iPhone = "UIInterfaceOrientationPortrait UIInterfaceOrientationLandscapeLeft UIInterfaceOrientationLandscapeRight";
				LD_RUNPATH_SEARCH_PATHS = (
					"$(inherited)",
					"@executable_path/Frameworks",
				);
				MARKETING_VERSION = 1.0;
				PRODUCT_BUNDLE_IDENTIFIER = com.DannyGallagher.ActionApp;
				PRODUCT_NAME = "$(TARGET_NAME)";
				PROVISIONING_PROFILE_SPECIFIER = "";
				SWIFT_EMIT_LOC_STRINGS = YES;
				SWIFT_VERSION = 5.0;
				TARGETED_DEVICE_FAMILY = "1,2";
			};
			name = Release;
		};
/* End XCBuildConfiguration section */

/* Begin XCConfigurationList section */
		96659DEE2900F11D00582AE3 /* Build configuration list for PBXProject "Action-App" */ = {
			isa = XCConfigurationList;
			buildConfigurations = (
				96659DFF2900F12200582AE3 /* Debug */,
				96659E002900F12200582AE3 /* Release */,
			);
			defaultConfigurationIsVisible = 0;
			defaultConfigurationName = Release;
		};
		96659E012900F12200582AE3 /* Build configuration list for PBXNativeTarget "Action-App" */ = {
			isa = XCConfigurationList;
			buildConfigurations = (
				96659E022900F12200582AE3 /* Debug */,
				96659E032900F12200582AE3 /* Release */,
			);
			defaultConfigurationIsVisible = 0;
			defaultConfigurationName = Release;
		};
/* End XCConfigurationList section */

/* Begin XCRemoteSwiftPackageReference section */
		96053C1A2971D24000EBE9FA /* XCRemoteSwiftPackageReference "firebase-ios-sdk" */ = {
			isa = XCRemoteSwiftPackageReference;
			repositoryURL = "https://github.com/firebase/firebase-ios-sdk";
			requirement = {
				kind = upToNextMajorVersion;
				minimumVersion = 9.0.0;
			};
		};
/* End XCRemoteSwiftPackageReference section */

/* Begin XCSwiftPackageProductDependency section */
		96053C1B2971D24000EBE9FA /* FirebaseAuth */ = {
			isa = XCSwiftPackageProductDependency;
			package = 96053C1A2971D24000EBE9FA /* XCRemoteSwiftPackageReference "firebase-ios-sdk" */;
			productName = FirebaseAuth;
		};
		96053C1D2971D24000EBE9FA /* FirebaseFirestore */ = {
			isa = XCSwiftPackageProductDependency;
			package = 96053C1A2971D24000EBE9FA /* XCRemoteSwiftPackageReference "firebase-ios-sdk" */;
			productName = FirebaseFirestore;
		};
		963630932A042B3F00276F1F /* FirebaseFirestoreSwift */ = {
			isa = XCSwiftPackageProductDependency;
			package = 96053C1A2971D24000EBE9FA /* XCRemoteSwiftPackageReference "firebase-ios-sdk" */;
			productName = FirebaseFirestoreSwift;
		};
		96710CAA29E9BC2A0031ADE5 /* FirebaseStorage */ = {
			isa = XCSwiftPackageProductDependency;
			package = 96053C1A2971D24000EBE9FA /* XCRemoteSwiftPackageReference "firebase-ios-sdk" */;
			productName = FirebaseStorage;
		};
		9672A49629B64E09007D1515 /* FirebaseDatabase */ = {
			isa = XCSwiftPackageProductDependency;
			package = 96053C1A2971D24000EBE9FA /* XCRemoteSwiftPackageReference "firebase-ios-sdk" */;
			productName = FirebaseDatabase;
		};
		9672A49829B64E09007D1515 /* FirebaseDatabaseSwift */ = {
			isa = XCSwiftPackageProductDependency;
			package = 96053C1A2971D24000EBE9FA /* XCRemoteSwiftPackageReference "firebase-ios-sdk" */;
			productName = FirebaseDatabaseSwift;
		};
/* End XCSwiftPackageProductDependency section */
	};
	rootObject = 96659DEB2900F11D00582AE3 /* Project object */;
}
